// !$*UTF8*$!
{
	archiveVersion = 1;
	classes = {
	};
	objectVersion = 55;
	objects = {

/* Begin PBXBuildFile section */
		1C310BA0279F04D5000C796D /* UIImage.swift in Sources */ = {isa = PBXBuildFile; fileRef = 1C310B9F279F04D5000C796D /* UIImage.swift */; };
		35570D53279EBCA000461808 /* Font.swift in Sources */ = {isa = PBXBuildFile; fileRef = 35570D52279EBCA000461808 /* Font.swift */; };
		356FDB6627A0F46E00E530F4 /* FormSignUpSignIn.swift in Sources */ = {isa = PBXBuildFile; fileRef = 356FDB6527A0F46E00E530F4 /* FormSignUpSignIn.swift */; };
		356FDB6827A0FED800E530F4 /* UITextField.swift in Sources */ = {isa = PBXBuildFile; fileRef = 356FDB6727A0FED800E530F4 /* UITextField.swift */; };
		35BA266E279EB17400D8E1AC /* Poppins-BlackItalic.ttf in Resources */ = {isa = PBXBuildFile; fileRef = 35BA265C279EB17400D8E1AC /* Poppins-BlackItalic.ttf */; };
		35BA266F279EB17400D8E1AC /* Poppins-Thin.ttf in Resources */ = {isa = PBXBuildFile; fileRef = 35BA265D279EB17400D8E1AC /* Poppins-Thin.ttf */; };
		35BA2670279EB17400D8E1AC /* Poppins-ExtraLightItalic.ttf in Resources */ = {isa = PBXBuildFile; fileRef = 35BA265E279EB17400D8E1AC /* Poppins-ExtraLightItalic.ttf */; };
		35BA2671279EB17400D8E1AC /* Poppins-ExtraBold.ttf in Resources */ = {isa = PBXBuildFile; fileRef = 35BA265F279EB17400D8E1AC /* Poppins-ExtraBold.ttf */; };
		35BA2672279EB17400D8E1AC /* Poppins-Light.ttf in Resources */ = {isa = PBXBuildFile; fileRef = 35BA2660279EB17400D8E1AC /* Poppins-Light.ttf */; };
		35BA2673279EB17400D8E1AC /* Poppins-LightItalic.ttf in Resources */ = {isa = PBXBuildFile; fileRef = 35BA2661279EB17400D8E1AC /* Poppins-LightItalic.ttf */; };
		35BA2674279EB17400D8E1AC /* Poppins-MediumItalic.ttf in Resources */ = {isa = PBXBuildFile; fileRef = 35BA2662279EB17400D8E1AC /* Poppins-MediumItalic.ttf */; };
		35BA2675279EB17400D8E1AC /* Poppins-SemiBold.ttf in Resources */ = {isa = PBXBuildFile; fileRef = 35BA2663279EB17400D8E1AC /* Poppins-SemiBold.ttf */; };
		35BA2676279EB17400D8E1AC /* Poppins-SemiBoldItalic.ttf in Resources */ = {isa = PBXBuildFile; fileRef = 35BA2664279EB17400D8E1AC /* Poppins-SemiBoldItalic.ttf */; };
		35BA2677279EB17400D8E1AC /* Poppins-Bold.ttf in Resources */ = {isa = PBXBuildFile; fileRef = 35BA2665279EB17400D8E1AC /* Poppins-Bold.ttf */; };
		35BA2678279EB17400D8E1AC /* Poppins-BoldItalic.ttf in Resources */ = {isa = PBXBuildFile; fileRef = 35BA2666279EB17400D8E1AC /* Poppins-BoldItalic.ttf */; };
		35BA2679279EB17400D8E1AC /* Poppins-Italic.ttf in Resources */ = {isa = PBXBuildFile; fileRef = 35BA2667279EB17400D8E1AC /* Poppins-Italic.ttf */; };
		35BA267A279EB17400D8E1AC /* Poppins-ExtraLight.ttf in Resources */ = {isa = PBXBuildFile; fileRef = 35BA2668279EB17400D8E1AC /* Poppins-ExtraLight.ttf */; };
		35BA267B279EB17400D8E1AC /* Poppins-ExtraBoldItalic.ttf in Resources */ = {isa = PBXBuildFile; fileRef = 35BA2669279EB17400D8E1AC /* Poppins-ExtraBoldItalic.ttf */; };
		35BA267C279EB17400D8E1AC /* Poppins-Medium.ttf in Resources */ = {isa = PBXBuildFile; fileRef = 35BA266A279EB17400D8E1AC /* Poppins-Medium.ttf */; };
		35BA267D279EB17400D8E1AC /* Poppins-Black.ttf in Resources */ = {isa = PBXBuildFile; fileRef = 35BA266B279EB17400D8E1AC /* Poppins-Black.ttf */; };
		35BA267E279EB17400D8E1AC /* Poppins-Regular.ttf in Resources */ = {isa = PBXBuildFile; fileRef = 35BA266C279EB17400D8E1AC /* Poppins-Regular.ttf */; };
		35BA267F279EB17400D8E1AC /* Poppins-ThinItalic.ttf in Resources */ = {isa = PBXBuildFile; fileRef = 35BA266D279EB17400D8E1AC /* Poppins-ThinItalic.ttf */; };
		35E72ABB279E574700A212C0 /* AppDelegate.swift in Sources */ = {isa = PBXBuildFile; fileRef = 35E72ABA279E574700A212C0 /* AppDelegate.swift */; };
		35E72ABD279E574700A212C0 /* SceneDelegate.swift in Sources */ = {isa = PBXBuildFile; fileRef = 35E72ABC279E574700A212C0 /* SceneDelegate.swift */; };
		35E72ABF279E574700A212C0 /* ViewController.swift in Sources */ = {isa = PBXBuildFile; fileRef = 35E72ABE279E574700A212C0 /* ViewController.swift */; };
		35E72AC4279E574700A212C0 /* Assets.xcassets in Resources */ = {isa = PBXBuildFile; fileRef = 35E72AC3279E574700A212C0 /* Assets.xcassets */; };
		35E72AC7279E574700A212C0 /* LaunchScreen.storyboard in Resources */ = {isa = PBXBuildFile; fileRef = 35E72AC5279E574700A212C0 /* LaunchScreen.storyboard */; };
		35E72AD0279E58B600A212C0 /* OnboardingVC.swift in Sources */ = {isa = PBXBuildFile; fileRef = 35E72ACF279E58B500A212C0 /* OnboardingVC.swift */; };
		35E72AD3279E598900A212C0 /* OnboardingModel.swift in Sources */ = {isa = PBXBuildFile; fileRef = 35E72AD2279E598900A212C0 /* OnboardingModel.swift */; };
		35E72AD6279E7ECC00A212C0 /* OnboardingChildView.swift in Sources */ = {isa = PBXBuildFile; fileRef = 35E72AD5279E7ECC00A212C0 /* OnboardingChildView.swift */; };
		35E72AD9279E7FDA00A212C0 /* UILabel.swift in Sources */ = {isa = PBXBuildFile; fileRef = 35E72AD8279E7FDA00A212C0 /* UILabel.swift */; };
		35E72ADC279E890400A212C0 /* Colors.swift in Sources */ = {isa = PBXBuildFile; fileRef = 35E72ADB279E890400A212C0 /* Colors.swift */; };
		35E72ADE279E8DFC00A212C0 /* UIImageView.swift in Sources */ = {isa = PBXBuildFile; fileRef = 35E72ADD279E8DFC00A212C0 /* UIImageView.swift */; };
		35E72AE0279EA2E800A212C0 /* UIColor.swift in Sources */ = {isa = PBXBuildFile; fileRef = 35E72ADF279EA2E800A212C0 /* UIColor.swift */; };
		35FBA27E279F918D00AD1835 /* UIView.swift in Sources */ = {isa = PBXBuildFile; fileRef = 35FBA27D279F918D00AD1835 /* UIView.swift */; };
		35FBA280279F983600AD1835 /* UIStackView.swift in Sources */ = {isa = PBXBuildFile; fileRef = 35FBA27F279F983600AD1835 /* UIStackView.swift */; };
		35FBA283279F9D3C00AD1835 /* SignupVC.swift in Sources */ = {isa = PBXBuildFile; fileRef = 35FBA282279F9D3C00AD1835 /* SignupVC.swift */; };
		35FBA286279FAD9600AD1835 /* CustomPageControl.swift in Sources */ = {isa = PBXBuildFile; fileRef = 35FBA285279FAD9600AD1835 /* CustomPageControl.swift */; };
		35FBA288279FE27200AD1835 /* UIButton.swift in Sources */ = {isa = PBXBuildFile; fileRef = 35FBA287279FE27200AD1835 /* UIButton.swift */; };
		35FBA28A279FEBBE00AD1835 /* LoginVC.swift in Sources */ = {isa = PBXBuildFile; fileRef = 35FBA289279FEBBE00AD1835 /* LoginVC.swift */; };
/* End PBXBuildFile section */

/* Begin PBXFileReference section */
		1C310B9F279F04D5000C796D /* UIImage.swift */ = {isa = PBXFileReference; lastKnownFileType = sourcecode.swift; path = UIImage.swift; sourceTree = "<group>"; };
		35570D52279EBCA000461808 /* Font.swift */ = {isa = PBXFileReference; lastKnownFileType = sourcecode.swift; path = Font.swift; sourceTree = "<group>"; };
		356FDB6527A0F46E00E530F4 /* FormSignUpSignIn.swift */ = {isa = PBXFileReference; lastKnownFileType = sourcecode.swift; path = FormSignUpSignIn.swift; sourceTree = "<group>"; };
		356FDB6727A0FED800E530F4 /* UITextField.swift */ = {isa = PBXFileReference; lastKnownFileType = sourcecode.swift; path = UITextField.swift; sourceTree = "<group>"; };
		35BA265C279EB17400D8E1AC /* Poppins-BlackItalic.ttf */ = {isa = PBXFileReference; lastKnownFileType = file; path = "Poppins-BlackItalic.ttf"; sourceTree = "<group>"; };
		35BA265D279EB17400D8E1AC /* Poppins-Thin.ttf */ = {isa = PBXFileReference; lastKnownFileType = file; path = "Poppins-Thin.ttf"; sourceTree = "<group>"; };
		35BA265E279EB17400D8E1AC /* Poppins-ExtraLightItalic.ttf */ = {isa = PBXFileReference; lastKnownFileType = file; path = "Poppins-ExtraLightItalic.ttf"; sourceTree = "<group>"; };
		35BA265F279EB17400D8E1AC /* Poppins-ExtraBold.ttf */ = {isa = PBXFileReference; lastKnownFileType = file; path = "Poppins-ExtraBold.ttf"; sourceTree = "<group>"; };
		35BA2660279EB17400D8E1AC /* Poppins-Light.ttf */ = {isa = PBXFileReference; lastKnownFileType = file; path = "Poppins-Light.ttf"; sourceTree = "<group>"; };
		35BA2661279EB17400D8E1AC /* Poppins-LightItalic.ttf */ = {isa = PBXFileReference; lastKnownFileType = file; path = "Poppins-LightItalic.ttf"; sourceTree = "<group>"; };
		35BA2662279EB17400D8E1AC /* Poppins-MediumItalic.ttf */ = {isa = PBXFileReference; lastKnownFileType = file; path = "Poppins-MediumItalic.ttf"; sourceTree = "<group>"; };
		35BA2663279EB17400D8E1AC /* Poppins-SemiBold.ttf */ = {isa = PBXFileReference; lastKnownFileType = file; path = "Poppins-SemiBold.ttf"; sourceTree = "<group>"; };
		35BA2664279EB17400D8E1AC /* Poppins-SemiBoldItalic.ttf */ = {isa = PBXFileReference; lastKnownFileType = file; path = "Poppins-SemiBoldItalic.ttf"; sourceTree = "<group>"; };
		35BA2665279EB17400D8E1AC /* Poppins-Bold.ttf */ = {isa = PBXFileReference; lastKnownFileType = file; path = "Poppins-Bold.ttf"; sourceTree = "<group>"; };
		35BA2666279EB17400D8E1AC /* Poppins-BoldItalic.ttf */ = {isa = PBXFileReference; lastKnownFileType = file; path = "Poppins-BoldItalic.ttf"; sourceTree = "<group>"; };
		35BA2667279EB17400D8E1AC /* Poppins-Italic.ttf */ = {isa = PBXFileReference; lastKnownFileType = file; path = "Poppins-Italic.ttf"; sourceTree = "<group>"; };
		35BA2668279EB17400D8E1AC /* Poppins-ExtraLight.ttf */ = {isa = PBXFileReference; lastKnownFileType = file; path = "Poppins-ExtraLight.ttf"; sourceTree = "<group>"; };
		35BA2669279EB17400D8E1AC /* Poppins-ExtraBoldItalic.ttf */ = {isa = PBXFileReference; lastKnownFileType = file; path = "Poppins-ExtraBoldItalic.ttf"; sourceTree = "<group>"; };
		35BA266A279EB17400D8E1AC /* Poppins-Medium.ttf */ = {isa = PBXFileReference; lastKnownFileType = file; path = "Poppins-Medium.ttf"; sourceTree = "<group>"; };
		35BA266B279EB17400D8E1AC /* Poppins-Black.ttf */ = {isa = PBXFileReference; lastKnownFileType = file; path = "Poppins-Black.ttf"; sourceTree = "<group>"; };
		35BA266C279EB17400D8E1AC /* Poppins-Regular.ttf */ = {isa = PBXFileReference; lastKnownFileType = file; path = "Poppins-Regular.ttf"; sourceTree = "<group>"; };
		35BA266D279EB17400D8E1AC /* Poppins-ThinItalic.ttf */ = {isa = PBXFileReference; lastKnownFileType = file; path = "Poppins-ThinItalic.ttf"; sourceTree = "<group>"; };
		35E72AB7279E574700A212C0 /* OnlineLearning.app */ = {isa = PBXFileReference; explicitFileType = wrapper.application; includeInIndex = 0; path = OnlineLearning.app; sourceTree = BUILT_PRODUCTS_DIR; };
		35E72ABA279E574700A212C0 /* AppDelegate.swift */ = {isa = PBXFileReference; lastKnownFileType = sourcecode.swift; path = AppDelegate.swift; sourceTree = "<group>"; };
		35E72ABC279E574700A212C0 /* SceneDelegate.swift */ = {isa = PBXFileReference; lastKnownFileType = sourcecode.swift; path = SceneDelegate.swift; sourceTree = "<group>"; };
		35E72ABE279E574700A212C0 /* ViewController.swift */ = {isa = PBXFileReference; lastKnownFileType = sourcecode.swift; path = ViewController.swift; sourceTree = "<group>"; };
		35E72AC3279E574700A212C0 /* Assets.xcassets */ = {isa = PBXFileReference; lastKnownFileType = folder.assetcatalog; path = Assets.xcassets; sourceTree = "<group>"; };
		35E72AC6279E574700A212C0 /* Base */ = {isa = PBXFileReference; lastKnownFileType = file.storyboard; name = Base; path = Base.lproj/LaunchScreen.storyboard; sourceTree = "<group>"; };
		35E72AC8279E574700A212C0 /* Info.plist */ = {isa = PBXFileReference; lastKnownFileType = text.plist.xml; path = Info.plist; sourceTree = "<group>"; };
		35E72ACF279E58B500A212C0 /* OnboardingVC.swift */ = {isa = PBXFileReference; lastKnownFileType = sourcecode.swift; path = OnboardingVC.swift; sourceTree = "<group>"; };
		35E72AD2279E598900A212C0 /* OnboardingModel.swift */ = {isa = PBXFileReference; lastKnownFileType = sourcecode.swift; path = OnboardingModel.swift; sourceTree = "<group>"; };
		35E72AD5279E7ECC00A212C0 /* OnboardingChildView.swift */ = {isa = PBXFileReference; lastKnownFileType = sourcecode.swift; path = OnboardingChildView.swift; sourceTree = "<group>"; };
		35E72AD8279E7FDA00A212C0 /* UILabel.swift */ = {isa = PBXFileReference; lastKnownFileType = sourcecode.swift; path = UILabel.swift; sourceTree = "<group>"; };
		35E72ADB279E890400A212C0 /* Colors.swift */ = {isa = PBXFileReference; lastKnownFileType = sourcecode.swift; path = Colors.swift; sourceTree = "<group>"; };
		35E72ADD279E8DFC00A212C0 /* UIImageView.swift */ = {isa = PBXFileReference; lastKnownFileType = sourcecode.swift; path = UIImageView.swift; sourceTree = "<group>"; };
		35E72ADF279EA2E800A212C0 /* UIColor.swift */ = {isa = PBXFileReference; lastKnownFileType = sourcecode.swift; path = UIColor.swift; sourceTree = "<group>"; };
		35FBA27D279F918D00AD1835 /* UIView.swift */ = {isa = PBXFileReference; lastKnownFileType = sourcecode.swift; path = UIView.swift; sourceTree = "<group>"; };
		35FBA27F279F983600AD1835 /* UIStackView.swift */ = {isa = PBXFileReference; lastKnownFileType = sourcecode.swift; path = UIStackView.swift; sourceTree = "<group>"; };
		35FBA282279F9D3C00AD1835 /* SignupVC.swift */ = {isa = PBXFileReference; lastKnownFileType = sourcecode.swift; path = SignupVC.swift; sourceTree = "<group>"; };
		35FBA285279FAD9600AD1835 /* CustomPageControl.swift */ = {isa = PBXFileReference; lastKnownFileType = sourcecode.swift; path = CustomPageControl.swift; sourceTree = "<group>"; };
		35FBA287279FE27200AD1835 /* UIButton.swift */ = {isa = PBXFileReference; lastKnownFileType = sourcecode.swift; path = UIButton.swift; sourceTree = "<group>"; };
		35FBA289279FEBBE00AD1835 /* LoginVC.swift */ = {isa = PBXFileReference; lastKnownFileType = sourcecode.swift; path = LoginVC.swift; sourceTree = "<group>"; };
/* End PBXFileReference section */

/* Begin PBXFrameworksBuildPhase section */
		35E72AB4279E574700A212C0 /* Frameworks */ = {
			isa = PBXFrameworksBuildPhase;
			buildActionMask = 2147483647;
			files = (
			);
			runOnlyForDeploymentPostprocessing = 0;
		};
/* End PBXFrameworksBuildPhase section */

/* Begin PBXGroup section */
		35E72AAE279E574700A212C0 = {
			isa = PBXGroup;
			children = (
				35E72AB9279E574700A212C0 /* OnlineLearning */,
				35E72AB8279E574700A212C0 /* Products */,
			);
			sourceTree = "<group>";
		};
		35E72AB8279E574700A212C0 /* Products */ = {
			isa = PBXGroup;
			children = (
				35E72AB7279E574700A212C0 /* OnlineLearning.app */,
			);
			name = Products;
			sourceTree = "<group>";
		};
		35E72AB9279E574700A212C0 /* OnlineLearning */ = {
			isa = PBXGroup;
			children = (
				35E72AE1279EA49500A212C0 /* Assets */,
				35E72ADA279E88F200A212C0 /* Configs */,
				35E72AD7279E7FCB00A212C0 /* Extensions */,
				35E72AD1279E591500A212C0 /* Models */,
				35E72ACE279E589D00A212C0 /* ViewControllers */,
				35E72ABA279E574700A212C0 /* AppDelegate.swift */,
				35E72ABC279E574700A212C0 /* SceneDelegate.swift */,
				35E72ABE279E574700A212C0 /* ViewController.swift */,
				35E72AC3279E574700A212C0 /* Assets.xcassets */,
				35E72AC5279E574700A212C0 /* LaunchScreen.storyboard */,
				35E72AC8279E574700A212C0 /* Info.plist */,
			);
			path = OnlineLearning;
			sourceTree = "<group>";
		};
		35E72ACE279E589D00A212C0 /* ViewControllers */ = {
			isa = PBXGroup;
			children = (
				35FBA284279FAD7800AD1835 /* CustomView */,
				35FBA281279F9D2000AD1835 /* Auth */,
				35E72AD4279E7EAA00A212C0 /* Onboarding */,
			);
			path = ViewControllers;
			sourceTree = "<group>";
		};
		35E72AD1279E591500A212C0 /* Models */ = {
			isa = PBXGroup;
			children = (
				35E72AD2279E598900A212C0 /* OnboardingModel.swift */,
			);
			path = Models;
			sourceTree = "<group>";
		};
		35E72AD4279E7EAA00A212C0 /* Onboarding */ = {
			isa = PBXGroup;
			children = (
				35E72ACF279E58B500A212C0 /* OnboardingVC.swift */,
				35E72AD5279E7ECC00A212C0 /* OnboardingChildView.swift */,
			);
			path = Onboarding;
			sourceTree = "<group>";
		};
		35E72AD7279E7FCB00A212C0 /* Extensions */ = {
			isa = PBXGroup;
			children = (
				35E72AD8279E7FDA00A212C0 /* UILabel.swift */,
				35E72ADD279E8DFC00A212C0 /* UIImageView.swift */,
				35E72ADF279EA2E800A212C0 /* UIColor.swift */,
				1C310B9F279F04D5000C796D /* UIImage.swift */,
				35FBA27D279F918D00AD1835 /* UIView.swift */,
				35FBA27F279F983600AD1835 /* UIStackView.swift */,
				35FBA287279FE27200AD1835 /* UIButton.swift */,
				356FDB6727A0FED800E530F4 /* UITextField.swift */,
			);
			path = Extensions;
			sourceTree = "<group>";
		};
		35E72ADA279E88F200A212C0 /* Configs */ = {
			isa = PBXGroup;
			children = (
				35E72ADB279E890400A212C0 /* Colors.swift */,
				35570D52279EBCA000461808 /* Font.swift */,
			);
			path = Configs;
			sourceTree = "<group>";
		};
		35E72AE1279EA49500A212C0 /* Assets */ = {
			isa = PBXGroup;
			children = (
				35E72AE2279EA49B00A212C0 /* Fonts */,
			);
			path = Assets;
			sourceTree = "<group>";
		};
		35E72AE2279EA49B00A212C0 /* Fonts */ = {
			isa = PBXGroup;
			children = (
				35BA266B279EB17400D8E1AC /* Poppins-Black.ttf */,
				35BA265C279EB17400D8E1AC /* Poppins-BlackItalic.ttf */,
				35BA2665279EB17400D8E1AC /* Poppins-Bold.ttf */,
				35BA2666279EB17400D8E1AC /* Poppins-BoldItalic.ttf */,
				35BA265F279EB17400D8E1AC /* Poppins-ExtraBold.ttf */,
				35BA2669279EB17400D8E1AC /* Poppins-ExtraBoldItalic.ttf */,
				35BA2668279EB17400D8E1AC /* Poppins-ExtraLight.ttf */,
				35BA265E279EB17400D8E1AC /* Poppins-ExtraLightItalic.ttf */,
				35BA2667279EB17400D8E1AC /* Poppins-Italic.ttf */,
				35BA2660279EB17400D8E1AC /* Poppins-Light.ttf */,
				35BA2661279EB17400D8E1AC /* Poppins-LightItalic.ttf */,
				35BA266A279EB17400D8E1AC /* Poppins-Medium.ttf */,
				35BA2662279EB17400D8E1AC /* Poppins-MediumItalic.ttf */,
				35BA266C279EB17400D8E1AC /* Poppins-Regular.ttf */,
				35BA2663279EB17400D8E1AC /* Poppins-SemiBold.ttf */,
				35BA2664279EB17400D8E1AC /* Poppins-SemiBoldItalic.ttf */,
				35BA265D279EB17400D8E1AC /* Poppins-Thin.ttf */,
				35BA266D279EB17400D8E1AC /* Poppins-ThinItalic.ttf */,
			);
			path = Fonts;
			sourceTree = "<group>";
		};
		35FBA281279F9D2000AD1835 /* Auth */ = {
			isa = PBXGroup;
			children = (
				35FBA282279F9D3C00AD1835 /* SignupVC.swift */,
				35FBA289279FEBBE00AD1835 /* LoginVC.swift */,
			);
			path = Auth;
			sourceTree = "<group>";
		};
		35FBA284279FAD7800AD1835 /* CustomView */ = {
			isa = PBXGroup;
			children = (
				35FBA285279FAD9600AD1835 /* CustomPageControl.swift */,
				356FDB6527A0F46E00E530F4 /* FormSignUpSignIn.swift */,
			);
			path = CustomView;
			sourceTree = "<group>";
		};
/* End PBXGroup section */

/* Begin PBXNativeTarget section */
		35E72AB6279E574700A212C0 /* OnlineLearning */ = {
			isa = PBXNativeTarget;
			buildConfigurationList = 35E72ACB279E574700A212C0 /* Build configuration list for PBXNativeTarget "OnlineLearning" */;
			buildPhases = (
				35E72AB3279E574700A212C0 /* Sources */,
				35E72AB4279E574700A212C0 /* Frameworks */,
				35E72AB5279E574700A212C0 /* Resources */,
			);
			buildRules = (
			);
			dependencies = (
			);
			name = OnlineLearning;
			productName = OnlineLearning;
			productReference = 35E72AB7279E574700A212C0 /* OnlineLearning.app */;
			productType = "com.apple.product-type.application";
		};
/* End PBXNativeTarget section */

/* Begin PBXProject section */
		35E72AAF279E574700A212C0 /* Project object */ = {
			isa = PBXProject;
			attributes = {
				BuildIndependentTargetsInParallel = 1;
				LastSwiftUpdateCheck = 1320;
				LastUpgradeCheck = 1320;
				TargetAttributes = {
					35E72AB6279E574700A212C0 = {
						CreatedOnToolsVersion = 13.2.1;
					};
				};
			};
			buildConfigurationList = 35E72AB2279E574700A212C0 /* Build configuration list for PBXProject "OnlineLearning" */;
			compatibilityVersion = "Xcode 13.0";
			developmentRegion = en;
			hasScannedForEncodings = 0;
			knownRegions = (
				en,
				Base,
			);
			mainGroup = 35E72AAE279E574700A212C0;
			productRefGroup = 35E72AB8279E574700A212C0 /* Products */;
			projectDirPath = "";
			projectRoot = "";
			targets = (
				35E72AB6279E574700A212C0 /* OnlineLearning */,
			);
		};
/* End PBXProject section */

/* Begin PBXResourcesBuildPhase section */
		35E72AB5279E574700A212C0 /* Resources */ = {
			isa = PBXResourcesBuildPhase;
			buildActionMask = 2147483647;
			files = (
				35BA267A279EB17400D8E1AC /* Poppins-ExtraLight.ttf in Resources */,
				35BA2676279EB17400D8E1AC /* Poppins-SemiBoldItalic.ttf in Resources */,
				35BA2672279EB17400D8E1AC /* Poppins-Light.ttf in Resources */,
				35BA2679279EB17400D8E1AC /* Poppins-Italic.ttf in Resources */,
				35BA267C279EB17400D8E1AC /* Poppins-Medium.ttf in Resources */,
				35BA2678279EB17400D8E1AC /* Poppins-BoldItalic.ttf in Resources */,
				35BA267D279EB17400D8E1AC /* Poppins-Black.ttf in Resources */,
				35E72AC7279E574700A212C0 /* LaunchScreen.storyboard in Resources */,
				35BA266F279EB17400D8E1AC /* Poppins-Thin.ttf in Resources */,
				35BA2670279EB17400D8E1AC /* Poppins-ExtraLightItalic.ttf in Resources */,
				35BA267B279EB17400D8E1AC /* Poppins-ExtraBoldItalic.ttf in Resources */,
				35BA266E279EB17400D8E1AC /* Poppins-BlackItalic.ttf in Resources */,
				35BA2675279EB17400D8E1AC /* Poppins-SemiBold.ttf in Resources */,
				35BA2677279EB17400D8E1AC /* Poppins-Bold.ttf in Resources */,
				35BA2671279EB17400D8E1AC /* Poppins-ExtraBold.ttf in Resources */,
				35E72AC4279E574700A212C0 /* Assets.xcassets in Resources */,
				35BA2674279EB17400D8E1AC /* Poppins-MediumItalic.ttf in Resources */,
				35BA267F279EB17400D8E1AC /* Poppins-ThinItalic.ttf in Resources */,
				35BA267E279EB17400D8E1AC /* Poppins-Regular.ttf in Resources */,
				35BA2673279EB17400D8E1AC /* Poppins-LightItalic.ttf in Resources */,
			);
			runOnlyForDeploymentPostprocessing = 0;
		};
/* End PBXResourcesBuildPhase section */

/* Begin PBXSourcesBuildPhase section */
		35E72AB3279E574700A212C0 /* Sources */ = {
			isa = PBXSourcesBuildPhase;
			buildActionMask = 2147483647;
			files = (
				35FBA288279FE27200AD1835 /* UIButton.swift in Sources */,
				35FBA27E279F918D00AD1835 /* UIView.swift in Sources */,
				35E72ABF279E574700A212C0 /* ViewController.swift in Sources */,
				35570D53279EBCA000461808 /* Font.swift in Sources */,
				35E72ADE279E8DFC00A212C0 /* UIImageView.swift in Sources */,
				35E72ADC279E890400A212C0 /* Colors.swift in Sources */,
				356FDB6627A0F46E00E530F4 /* FormSignUpSignIn.swift in Sources */,
				35E72AD3279E598900A212C0 /* OnboardingModel.swift in Sources */,
				35FBA283279F9D3C00AD1835 /* SignupVC.swift in Sources */,
				35E72AD9279E7FDA00A212C0 /* UILabel.swift in Sources */,
				35E72AD6279E7ECC00A212C0 /* OnboardingChildView.swift in Sources */,
				356FDB6827A0FED800E530F4 /* UITextField.swift in Sources */,
				35E72AD0279E58B600A212C0 /* OnboardingVC.swift in Sources */,
				35FBA280279F983600AD1835 /* UIStackView.swift in Sources */,
				35FBA286279FAD9600AD1835 /* CustomPageControl.swift in Sources */,
				35E72ABB279E574700A212C0 /* AppDelegate.swift in Sources */,
				35FBA28A279FEBBE00AD1835 /* LoginVC.swift in Sources */,
				1C310BA0279F04D5000C796D /* UIImage.swift in Sources */,
				35E72ABD279E574700A212C0 /* SceneDelegate.swift in Sources */,
				35E72AE0279EA2E800A212C0 /* UIColor.swift in Sources */,
			);
			runOnlyForDeploymentPostprocessing = 0;
		};
/* End PBXSourcesBuildPhase section */

/* Begin PBXVariantGroup section */
		35E72AC5279E574700A212C0 /* LaunchScreen.storyboard */ = {
			isa = PBXVariantGroup;
			children = (
				35E72AC6279E574700A212C0 /* Base */,
			);
			name = LaunchScreen.storyboard;
			sourceTree = "<group>";
		};
/* End PBXVariantGroup section */

/* Begin XCBuildConfiguration section */
		35E72AC9279E574700A212C0 /* Debug */ = {
			isa = XCBuildConfiguration;
			buildSettings = {
				ALWAYS_SEARCH_USER_PATHS = NO;
				CLANG_ANALYZER_NONNULL = YES;
				CLANG_ANALYZER_NUMBER_OBJECT_CONVERSION = YES_AGGRESSIVE;
				CLANG_CXX_LANGUAGE_STANDARD = "gnu++17";
				CLANG_CXX_LIBRARY = "libc++";
				CLANG_ENABLE_MODULES = YES;
				CLANG_ENABLE_OBJC_ARC = YES;
				CLANG_ENABLE_OBJC_WEAK = YES;
				CLANG_WARN_BLOCK_CAPTURE_AUTORELEASING = YES;
				CLANG_WARN_BOOL_CONVERSION = YES;
				CLANG_WARN_COMMA = YES;
				CLANG_WARN_CONSTANT_CONVERSION = YES;
				CLANG_WARN_DEPRECATED_OBJC_IMPLEMENTATIONS = YES;
				CLANG_WARN_DIRECT_OBJC_ISA_USAGE = YES_ERROR;
				CLANG_WARN_DOCUMENTATION_COMMENTS = YES;
				CLANG_WARN_EMPTY_BODY = YES;
				CLANG_WARN_ENUM_CONVERSION = YES;
				CLANG_WARN_INFINITE_RECURSION = YES;
				CLANG_WARN_INT_CONVERSION = YES;
				CLANG_WARN_NON_LITERAL_NULL_CONVERSION = YES;
				CLANG_WARN_OBJC_IMPLICIT_RETAIN_SELF = YES;
				CLANG_WARN_OBJC_LITERAL_CONVERSION = YES;
				CLANG_WARN_OBJC_ROOT_CLASS = YES_ERROR;
				CLANG_WARN_QUOTED_INCLUDE_IN_FRAMEWORK_HEADER = YES;
				CLANG_WARN_RANGE_LOOP_ANALYSIS = YES;
				CLANG_WARN_STRICT_PROTOTYPES = YES;
				CLANG_WARN_SUSPICIOUS_MOVE = YES;
				CLANG_WARN_UNGUARDED_AVAILABILITY = YES_AGGRESSIVE;
				CLANG_WARN_UNREACHABLE_CODE = YES;
				CLANG_WARN__DUPLICATE_METHOD_MATCH = YES;
				COPY_PHASE_STRIP = NO;
				DEBUG_INFORMATION_FORMAT = dwarf;
				ENABLE_STRICT_OBJC_MSGSEND = YES;
				ENABLE_TESTABILITY = YES;
				GCC_C_LANGUAGE_STANDARD = gnu11;
				GCC_DYNAMIC_NO_PIC = NO;
				GCC_NO_COMMON_BLOCKS = YES;
				GCC_OPTIMIZATION_LEVEL = 0;
				GCC_PREPROCESSOR_DEFINITIONS = (
					"DEBUG=1",
					"$(inherited)",
				);
				GCC_WARN_64_TO_32_BIT_CONVERSION = YES;
				GCC_WARN_ABOUT_RETURN_TYPE = YES_ERROR;
				GCC_WARN_UNDECLARED_SELECTOR = YES;
				GCC_WARN_UNINITIALIZED_AUTOS = YES_AGGRESSIVE;
				GCC_WARN_UNUSED_FUNCTION = YES;
				GCC_WARN_UNUSED_VARIABLE = YES;
				IPHONEOS_DEPLOYMENT_TARGET = 15.2;
				MTL_ENABLE_DEBUG_INFO = INCLUDE_SOURCE;
				MTL_FAST_MATH = YES;
				ONLY_ACTIVE_ARCH = YES;
				SDKROOT = iphoneos;
				SWIFT_ACTIVE_COMPILATION_CONDITIONS = DEBUG;
				SWIFT_OPTIMIZATION_LEVEL = "-Onone";
			};
			name = Debug;
		};
		35E72ACA279E574700A212C0 /* Release */ = {
			isa = XCBuildConfiguration;
			buildSettings = {
				ALWAYS_SEARCH_USER_PATHS = NO;
				CLANG_ANALYZER_NONNULL = YES;
				CLANG_ANALYZER_NUMBER_OBJECT_CONVERSION = YES_AGGRESSIVE;
				CLANG_CXX_LANGUAGE_STANDARD = "gnu++17";
				CLANG_CXX_LIBRARY = "libc++";
				CLANG_ENABLE_MODULES = YES;
				CLANG_ENABLE_OBJC_ARC = YES;
				CLANG_ENABLE_OBJC_WEAK = YES;
				CLANG_WARN_BLOCK_CAPTURE_AUTORELEASING = YES;
				CLANG_WARN_BOOL_CONVERSION = YES;
				CLANG_WARN_COMMA = YES;
				CLANG_WARN_CONSTANT_CONVERSION = YES;
				CLANG_WARN_DEPRECATED_OBJC_IMPLEMENTATIONS = YES;
				CLANG_WARN_DIRECT_OBJC_ISA_USAGE = YES_ERROR;
				CLANG_WARN_DOCUMENTATION_COMMENTS = YES;
				CLANG_WARN_EMPTY_BODY = YES;
				CLANG_WARN_ENUM_CONVERSION = YES;
				CLANG_WARN_INFINITE_RECURSION = YES;
				CLANG_WARN_INT_CONVERSION = YES;
				CLANG_WARN_NON_LITERAL_NULL_CONVERSION = YES;
				CLANG_WARN_OBJC_IMPLICIT_RETAIN_SELF = YES;
				CLANG_WARN_OBJC_LITERAL_CONVERSION = YES;
				CLANG_WARN_OBJC_ROOT_CLASS = YES_ERROR;
				CLANG_WARN_QUOTED_INCLUDE_IN_FRAMEWORK_HEADER = YES;
				CLANG_WARN_RANGE_LOOP_ANALYSIS = YES;
				CLANG_WARN_STRICT_PROTOTYPES = YES;
				CLANG_WARN_SUSPICIOUS_MOVE = YES;
				CLANG_WARN_UNGUARDED_AVAILABILITY = YES_AGGRESSIVE;
				CLANG_WARN_UNREACHABLE_CODE = YES;
				CLANG_WARN__DUPLICATE_METHOD_MATCH = YES;
				COPY_PHASE_STRIP = NO;
				DEBUG_INFORMATION_FORMAT = "dwarf-with-dsym";
				ENABLE_NS_ASSERTIONS = NO;
				ENABLE_STRICT_OBJC_MSGSEND = YES;
				GCC_C_LANGUAGE_STANDARD = gnu11;
				GCC_NO_COMMON_BLOCKS = YES;
				GCC_WARN_64_TO_32_BIT_CONVERSION = YES;
				GCC_WARN_ABOUT_RETURN_TYPE = YES_ERROR;
				GCC_WARN_UNDECLARED_SELECTOR = YES;
				GCC_WARN_UNINITIALIZED_AUTOS = YES_AGGRESSIVE;
				GCC_WARN_UNUSED_FUNCTION = YES;
				GCC_WARN_UNUSED_VARIABLE = YES;
				IPHONEOS_DEPLOYMENT_TARGET = 15.2;
				MTL_ENABLE_DEBUG_INFO = NO;
				MTL_FAST_MATH = YES;
				SDKROOT = iphoneos;
				SWIFT_COMPILATION_MODE = wholemodule;
				SWIFT_OPTIMIZATION_LEVEL = "-O";
				VALIDATE_PRODUCT = YES;
			};
			name = Release;
		};
		35E72ACC279E574700A212C0 /* Debug */ = {
			isa = XCBuildConfiguration;
			buildSettings = {
				ASSETCATALOG_COMPILER_APPICON_NAME = AppIcon;
				ASSETCATALOG_COMPILER_GLOBAL_ACCENT_COLOR_NAME = AccentColor;
				CODE_SIGN_STYLE = Automatic;
				CURRENT_PROJECT_VERSION = 1;
				GENERATE_INFOPLIST_FILE = YES;
				INFOPLIST_FILE = OnlineLearning/Info.plist;
				INFOPLIST_KEY_UIApplicationSupportsIndirectInputEvents = YES;
				INFOPLIST_KEY_UILaunchStoryboardName = LaunchScreen;
				INFOPLIST_KEY_UISupportedInterfaceOrientations_iPad = "UIInterfaceOrientationPortrait UIInterfaceOrientationPortraitUpsideDown UIInterfaceOrientationLandscapeLeft UIInterfaceOrientationLandscapeRight";
				INFOPLIST_KEY_UISupportedInterfaceOrientations_iPhone = "UIInterfaceOrientationPortrait UIInterfaceOrientationLandscapeLeft UIInterfaceOrientationLandscapeRight";
				IPHONEOS_DEPLOYMENT_TARGET = 13.0;
				LD_RUNPATH_SEARCH_PATHS = (
					"$(inherited)",
					"@executable_path/Frameworks",
				);
				MARKETING_VERSION = 1.0;
				PRODUCT_BUNDLE_IDENTIFIER = nhatnd.com.vn.OnlineLearning;
				PRODUCT_NAME = "$(TARGET_NAME)";
				SWIFT_EMIT_LOC_STRINGS = YES;
				SWIFT_VERSION = 5.0;
				TARGETED_DEVICE_FAMILY = "1,2";
			};
			name = Debug;
		};
		35E72ACD279E574700A212C0 /* Release */ = {
			isa = XCBuildConfiguration;
			buildSettings = {
				ASSETCATALOG_COMPILER_APPICON_NAME = AppIcon;
				ASSETCATALOG_COMPILER_GLOBAL_ACCENT_COLOR_NAME = AccentColor;
				CODE_SIGN_STYLE = Automatic;
				CURRENT_PROJECT_VERSION = 1;
				GENERATE_INFOPLIST_FILE = YES;
				INFOPLIST_FILE = OnlineLearning/Info.plist;
				INFOPLIST_KEY_UIApplicationSupportsIndirectInputEvents = YES;
				INFOPLIST_KEY_UILaunchStoryboardName = LaunchScreen;
				INFOPLIST_KEY_UISupportedInterfaceOrientations_iPad = "UIInterfaceOrientationPortrait UIInterfaceOrientationPortraitUpsideDown UIInterfaceOrientationLandscapeLeft UIInterfaceOrientationLandscapeRight";
				INFOPLIST_KEY_UISupportedInterfaceOrientations_iPhone = "UIInterfaceOrientationPortrait UIInterfaceOrientationLandscapeLeft UIInterfaceOrientationLandscapeRight";
				IPHONEOS_DEPLOYMENT_TARGET = 13.0;
				LD_RUNPATH_SEARCH_PATHS = (
					"$(inherited)",
					"@executable_path/Frameworks",
				);
				MARKETING_VERSION = 1.0;
				PRODUCT_BUNDLE_IDENTIFIER = nhatnd.com.vn.OnlineLearning;
				PRODUCT_NAME = "$(TARGET_NAME)";
				SWIFT_EMIT_LOC_STRINGS = YES;
				SWIFT_VERSION = 5.0;
				TARGETED_DEVICE_FAMILY = "1,2";
			};
			name = Release;
		};
/* End XCBuildConfiguration section */

/* Begin XCConfigurationList section */
		35E72AB2279E574700A212C0 /* Build configuration list for PBXProject "OnlineLearning" */ = {
			isa = XCConfigurationList;
			buildConfigurations = (
				35E72AC9279E574700A212C0 /* Debug */,
				35E72ACA279E574700A212C0 /* Release */,
			);
			defaultConfigurationIsVisible = 0;
			defaultConfigurationName = Release;
		};
		35E72ACB279E574700A212C0 /* Build configuration list for PBXNativeTarget "OnlineLearning" */ = {
			isa = XCConfigurationList;
			buildConfigurations = (
				35E72ACC279E574700A212C0 /* Debug */,
				35E72ACD279E574700A212C0 /* Release */,
			);
			defaultConfigurationIsVisible = 0;
			defaultConfigurationName = Release;
		};
/* End XCConfigurationList section */
	};
	rootObject = 35E72AAF279E574700A212C0 /* Project object */;
}
